
Microsoft Visual Studio Solution File, Format Version 12.00
# Visual Studio Version 17
VisualStudioVersion = 17.5.33414.496
MinimumVisualStudioVersion = 10.0.40219.1
Project("{2150E333-8FDC-42A3-9474-1A3956D46DE8}") = "Solution Items", "Solution Items", "{15B6E5E0-7FDE-40EB-92C7-E030ABBD1312}"
	ProjectSection(SolutionItems) = preProject
		ModNotes.txt = ModNotes.txt
	EndProjectSection
EndProject
Project("{2150E333-8FDC-42A3-9474-1A3956D46DE8}") = "TurnBasedBattles", "TurnBasedBattles", "{39CF73C4-2E27-427F-9A45-0AC268E943A2}"
	ProjectSection(SolutionItems) = preProject
		TurnBasedBattles\controller_game_start.gml = TurnBasedBattles\controller_game_start.gml
		TurnBasedBattles\controller_run_start.gml = TurnBasedBattles\controller_run_start.gml
		TurnBasedBattles\controller_stage_start.gml = TurnBasedBattles\controller_stage_start.gml
		TurnBasedBattles\mod_info.ini = TurnBasedBattles\mod_info.ini
		TurnBasedBattles\oModController.gml = TurnBasedBattles\oModController.gml
	EndProjectSection
EndProject
Project("{2150E333-8FDC-42A3-9474-1A3956D46DE8}") = "lvl_tbb", "lvl_tbb", "{4E05D6DA-2143-4593-B72A-F90D725D4A6B}"
	ProjectSection(SolutionItems) = preProject
		TurnBasedBattles\lvl_tbb\stage.gml = TurnBasedBattles\lvl_tbb\stage.gml
	EndProjectSection
EndProject
Project("{2150E333-8FDC-42A3-9474-1A3956D46DE8}") = "MinaMod", "MinaMod", "{B709F944-A00A-49B7-A2C7-1AD99BA3E662}"
	ProjectSection(SolutionItems) = preProject
		MinaTheHollower\mod_info.ini = MinaTheHollower\mod_info.ini
	EndProjectSection
EndProject
Project("{2150E333-8FDC-42A3-9474-1A3956D46DE8}") = "unit_mina", "unit_mina", "{C098C589-E540-40F1-8E73-3D9DB60B3822}"
	ProjectSection(SolutionItems) = preProject
		MinaTheHollower\unit_mina\ability_active.gml = MinaTheHollower\unit_mina\ability_active.gml
		MinaTheHollower\unit_mina\ability_aim.gml = MinaTheHollower\unit_mina\ability_aim.gml
		MinaTheHollower\unit_mina\step_turn.gml = MinaTheHollower\unit_mina\step_turn.gml
		MinaTheHollower\unit_mina\unit.gml = MinaTheHollower\unit_mina\unit.gml
	EndProjectSection
EndProject
Global
	GlobalSection(SolutionProperties) = preSolution
		HideSolutionNode = FALSE
	EndGlobalSection
	GlobalSection(NestedProjects) = preSolution
		{4E05D6DA-2143-4593-B72A-F90D725D4A6B} = {39CF73C4-2E27-427F-9A45-0AC268E943A2}
		{C098C589-E540-40F1-8E73-3D9DB60B3822} = {B709F944-A00A-49B7-A2C7-1AD99BA3E662}
	EndGlobalSection
	GlobalSection(ExtensibilityGlobals) = postSolution
		SolutionGuid = {BE10BAF7-D135-4757-A4E2-AFEFB80710E3}
	EndGlobalSection
EndGlobal
